// !$*UTF8*$!
{
	archiveVersion = 1;
	classes = {
	};
	objectVersion = 56;
	objects = {

/* Begin PBXBuildFile section */
		63530D182ADE7706004704E3 /* LearnerDetailedView.swift in Sources */ = {isa = PBXBuildFile; fileRef = 63530D172ADE7706004704E3 /* LearnerDetailedView.swift */; };
		639109D52ADD27CB000DB06B /* learnersApp.swift in Sources */ = {isa = PBXBuildFile; fileRef = 639109D42ADD27CB000DB06B /* learnersApp.swift */; };
		639109D72ADD27CB000DB06B /* ContentView.swift in Sources */ = {isa = PBXBuildFile; fileRef = 639109D62ADD27CB000DB06B /* ContentView.swift */; };
		639109D92ADD27CC000DB06B /* Assets.xcassets in Resources */ = {isa = PBXBuildFile; fileRef = 639109D82ADD27CC000DB06B /* Assets.xcassets */; };
		639109DC2ADD27CC000DB06B /* Preview Assets.xcassets in Resources */ = {isa = PBXBuildFile; fileRef = 639109DB2ADD27CC000DB06B /* Preview Assets.xcassets */; };
		639109E32ADD2C46000DB06B /* learner.swift in Sources */ = {isa = PBXBuildFile; fileRef = 639109E22ADD2C46000DB06B /* learner.swift */; };
		639109E52ADD2FD4000DB06B /* LearnerViewModel.swift in Sources */ = {isa = PBXBuildFile; fileRef = 639109E42ADD2FD4000DB06B /* LearnerViewModel.swift */; };
/* End PBXBuildFile section */

/* Begin PBXFileReference section */
		63530D172ADE7706004704E3 /* LearnerDetailedView.swift */ = {isa = PBXFileReference; lastKnownFileType = sourcecode.swift; path = LearnerDetailedView.swift; sourceTree = "<group>"; };
		639109D12ADD27CB000DB06B /* learners.app */ = {isa = PBXFileReference; explicitFileType = wrapper.application; includeInIndex = 0; path = learners.app; sourceTree = BUILT_PRODUCTS_DIR; };
		639109D42ADD27CB000DB06B /* learnersApp.swift */ = {isa = PBXFileReference; lastKnownFileType = sourcecode.swift; path = learnersApp.swift; sourceTree = "<group>"; };
		639109D62ADD27CB000DB06B /* ContentView.swift */ = {isa = PBXFileReference; lastKnownFileType = sourcecode.swift; path = ContentView.swift; sourceTree = "<group>"; };
		639109D82ADD27CC000DB06B /* Assets.xcassets */ = {isa = PBXFileReference; lastKnownFileType = folder.assetcatalog; path = Assets.xcassets; sourceTree = "<group>"; };
		639109DB2ADD27CC000DB06B /* Preview Assets.xcassets */ = {isa = PBXFileReference; lastKnownFileType = folder.assetcatalog; path = "Preview Assets.xcassets"; sourceTree = "<group>"; };
		639109E22ADD2C46000DB06B /* learner.swift */ = {isa = PBXFileReference; lastKnownFileType = sourcecode.swift; path = learner.swift; sourceTree = "<group>"; };
		639109E42ADD2FD4000DB06B /* LearnerViewModel.swift */ = {isa = PBXFileReference; lastKnownFileType = sourcecode.swift; path = LearnerViewModel.swift; sourceTree = "<group>"; };
/* End PBXFileReference section */

/* Begin PBXFrameworksBuildPhase section */
		639109CE2ADD27CB000DB06B /* Frameworks */ = {
			isa = PBXFrameworksBuildPhase;
			buildActionMask = 2147483647;
			files = (
			);
			runOnlyForDeploymentPostprocessing = 0;
		};
/* End PBXFrameworksBuildPhase section */

/* Begin PBXGroup section */
		639109C82ADD27CB000DB06B = {
			isa = PBXGroup;
			children = (
				639109D32ADD27CB000DB06B /* learners */,
				639109D22ADD27CB000DB06B /* Products */,
			);
			sourceTree = "<group>";
		};
		639109D22ADD27CB000DB06B /* Products */ = {
			isa = PBXGroup;
			children = (
				639109D12ADD27CB000DB06B /* learners.app */,
			);
			name = Products;
			sourceTree = "<group>";
		};
		639109D32ADD27CB000DB06B /* learners */ = {
			isa = PBXGroup;
			children = (
				639109D42ADD27CB000DB06B /* learnersApp.swift */,
				639109D62ADD27CB000DB06B /* ContentView.swift */,
				639109D82ADD27CC000DB06B /* Assets.xcassets */,
				639109DA2ADD27CC000DB06B /* Preview Content */,
				639109E22ADD2C46000DB06B /* learner.swift */,
				639109E42ADD2FD4000DB06B /* LearnerViewModel.swift */,
				63530D172ADE7706004704E3 /* LearnerDetailedView.swift */,
			);
			path = learners;
			sourceTree = "<group>";
		};
		639109DA2ADD27CC000DB06B /* Preview Content */ = {
			isa = PBXGroup;
			children = (
				639109DB2ADD27CC000DB06B /* Preview Assets.xcassets */,
			);
			path = "Preview Content";
			sourceTree = "<group>";
		};
/* End PBXGroup section */

/* Begin PBXNativeTarget section */
		639109D02ADD27CB000DB06B /* learners */ = {
			isa = PBXNativeTarget;
			buildConfigurationList = 639109DF2ADD27CC000DB06B /* Build configuration list for PBXNativeTarget "learners" */;
			buildPhases = (
				639109CD2ADD27CB000DB06B /* Sources */,
				639109CE2ADD27CB000DB06B /* Frameworks */,
				639109CF2ADD27CB000DB06B /* Resources */,
			);
			buildRules = (
			);
			dependencies = (
			);
			name = learners;
			productName = learners;
			productReference = 639109D12ADD27CB000DB06B /* learners.app */;
			productType = "com.apple.product-type.application";
		};
/* End PBXNativeTarget section */

/* Begin PBXProject section */
		639109C92ADD27CB000DB06B /* Project object */ = {
			isa = PBXProject;
			attributes = {
				BuildIndependentTargetsInParallel = 1;
				LastSwiftUpdateCheck = 1500;
				LastUpgradeCheck = 1500;
				TargetAttributes = {
					639109D02ADD27CB000DB06B = {
						CreatedOnToolsVersion = 15.0;
					};
				};
			};
			buildConfigurationList = 639109CC2ADD27CB000DB06B /* Build configuration list for PBXProject "learners" */;
			compatibilityVersion = "Xcode 14.0";
			developmentRegion = en;
			hasScannedForEncodings = 0;
			knownRegions = (
				en,
				Base,
			);
			mainGroup = 639109C82ADD27CB000DB06B;
			productRefGroup = 639109D22ADD27CB000DB06B /* Products */;
			projectDirPath = "";
			projectRoot = "";
			targets = (
				639109D02ADD27CB000DB06B /* learners */,
			);
		};
/* End PBXProject section */

/* Begin PBXResourcesBuildPhase section */
		639109CF2ADD27CB000DB06B /* Resources */ = {
			isa = PBXResourcesBuildPhase;
			buildActionMask = 2147483647;
			files = (
				639109DC2ADD27CC000DB06B /* Preview Assets.xcassets in Resources */,
				639109D92ADD27CC000DB06B /* Assets.xcassets in Resources */,
			);
			runOnlyForDeploymentPostprocessing = 0;
		};
/* End PBXResourcesBuildPhase section */

/* Begin PBXSourcesBuildPhase section */
		639109CD2ADD27CB000DB06B /* Sources */ = {
			isa = PBXSourcesBuildPhase;
			buildActionMask = 2147483647;
			files = (
				639109D72ADD27CB000DB06B /* ContentView.swift in Sources */,
				639109D52ADD27CB000DB06B /* learnersApp.swift in Sources */,
				63530D182ADE7706004704E3 /* LearnerDetailedView.swift in Sources */,
				639109E52ADD2FD4000DB06B /* LearnerViewModel.swift in Sources */,
				639109E32ADD2C46000DB06B /* learner.swift in Sources */,
			);
			runOnlyForDeploymentPostprocessing = 0;
		};
/* End PBXSourcesBuildPhase section */

/* Begin XCBuildConfiguration section */
		639109DD2ADD27CC000DB06B /* Debug */ = {
			isa = XCBuildConfiguration;
			buildSettings = {
				ALWAYS_SEARCH_USER_PATHS = NO;
				ASSETCATALOG_COMPILER_GENERATE_SWIFT_ASSET_SYMBOL_EXTENSIONS = YES;
				CLANG_ANALYZER_NONNULL = YES;
				CLANG_ANALYZER_NUMBER_OBJECT_CONVERSION = YES_AGGRESSIVE;
				CLANG_CXX_LANGUAGE_STANDARD = "gnu++20";
				CLANG_ENABLE_MODULES = YES;
				CLANG_ENABLE_OBJC_ARC = YES;
				CLANG_ENABLE_OBJC_WEAK = YES;
				CLANG_WARN_BLOCK_CAPTURE_AUTORELEASING = YES;
				CLANG_WARN_BOOL_CONVERSION = YES;
				CLANG_WARN_COMMA = YES;
				CLANG_WARN_CONSTANT_CONVERSION = YES;
				CLANG_WARN_DEPRECATED_OBJC_IMPLEMENTATIONS = YES;
				CLANG_WARN_DIRECT_OBJC_ISA_USAGE = YES_ERROR;
				CLANG_WARN_DOCUMENTATION_COMMENTS = YES;
				CLANG_WARN_EMPTY_BODY = YES;
				CLANG_WARN_ENUM_CONVERSION = YES;
				CLANG_WARN_INFINITE_RECURSION = YES;
				CLANG_WARN_INT_CONVERSION = YES;
				CLANG_WARN_NON_LITERAL_NULL_CONVERSION = YES;
				CLANG_WARN_OBJC_IMPLICIT_RETAIN_SELF = YES;
				CLANG_WARN_OBJC_LITERAL_CONVERSION = YES;
				CLANG_WARN_OBJC_ROOT_CLASS = YES_ERROR;
				CLANG_WARN_QUOTED_INCLUDE_IN_FRAMEWORK_HEADER = YES;
				CLANG_WARN_RANGE_LOOP_ANALYSIS = YES;
				CLANG_WARN_STRICT_PROTOTYPES = YES;
				CLANG_WARN_SUSPICIOUS_MOVE = YES;
				CLANG_WARN_UNGUARDED_AVAILABILITY = YES_AGGRESSIVE;
				CLANG_WARN_UNREACHABLE_CODE = YES;
				CLANG_WARN__DUPLICATE_METHOD_MATCH = YES;
				COPY_PHASE_STRIP = NO;
				DEBUG_INFORMATION_FORMAT = dwarf;
				ENABLE_STRICT_OBJC_MSGSEND = YES;
				ENABLE_TESTABILITY = YES;
				ENABLE_USER_SCRIPT_SANDBOXING = YES;
				GCC_C_LANGUAGE_STANDARD = gnu17;
				GCC_DYNAMIC_NO_PIC = NO;
				GCC_NO_COMMON_BLOCKS = YES;
				GCC_OPTIMIZATION_LEVEL = 0;
				GCC_PREPROCESSOR_DEFINITIONS = (
					"DEBUG=1",
					"$(inherited)",
				);
				GCC_WARN_64_TO_32_BIT_CONVERSION = YES;
				GCC_WARN_ABOUT_RETURN_TYPE = YES_ERROR;
				GCC_WARN_UNDECLARED_SELECTOR = YES;
				GCC_WARN_UNINITIALIZED_AUTOS = YES_AGGRESSIVE;
				GCC_WARN_UNUSED_FUNCTION = YES;
				GCC_WARN_UNUSED_VARIABLE = YES;
				IPHONEOS_DEPLOYMENT_TARGET = 17.0;
				LOCALIZATION_PREFERS_STRING_CATALOGS = YES;
				MTL_ENABLE_DEBUG_INFO = INCLUDE_SOURCE;
				MTL_FAST_MATH = YES;
				ONLY_ACTIVE_ARCH = YES;
				SDKROOT = iphoneos;
				SWIFT_ACTIVE_COMPILATION_CONDITIONS = "DEBUG $(inherited)";
				SWIFT_OPTIMIZATION_LEVEL = "-Onone";
			};
			name = Debug;
		};
		639109DE2ADD27CC000DB06B /* Release */ = {
			isa = XCBuildConfiguration;
			buildSettings = {
				ALWAYS_SEARCH_USER_PATHS = NO;
				ASSETCATALOG_COMPILER_GENERATE_SWIFT_ASSET_SYMBOL_EXTENSIONS = YES;
				CLANG_ANALYZER_NONNULL = YES;
				CLANG_ANALYZER_NUMBER_OBJECT_CONVERSION = YES_AGGRESSIVE;
				CLANG_CXX_LANGUAGE_STANDARD = "gnu++20";
				CLANG_ENABLE_MODULES = YES;
				CLANG_ENABLE_OBJC_ARC = YES;
				CLANG_ENABLE_OBJC_WEAK = YES;
				CLANG_WARN_BLOCK_CAPTURE_AUTORELEASING = YES;
				CLANG_WARN_BOOL_CONVERSION = YES;
				CLANG_WARN_COMMA = YES;
				CLANG_WARN_CONSTANT_CONVERSION = YES;
				CLANG_WARN_DEPRECATED_OBJC_IMPLEMENTATIONS = YES;
				CLANG_WARN_DIRECT_OBJC_ISA_USAGE = YES_ERROR;
				CLANG_WARN_DOCUMENTATION_COMMENTS = YES;
				CLANG_WARN_EMPTY_BODY = YES;
				CLANG_WARN_ENUM_CONVERSION = YES;
				CLANG_WARN_INFINITE_RECURSION = YES;
				CLANG_WARN_INT_CONVERSION = YES;
				CLANG_WARN_NON_LITERAL_NULL_CONVERSION = YES;
				CLANG_WARN_OBJC_IMPLICIT_RETAIN_SELF = YES;
				CLANG_WARN_OBJC_LITERAL_CONVERSION = YES;
				CLANG_WARN_OBJC_ROOT_CLASS = YES_ERROR;
				CLANG_WARN_QUOTED_INCLUDE_IN_FRAMEWORK_HEADER = YES;
				CLANG_WARN_RANGE_LOOP_ANALYSIS = YES;
				CLANG_WARN_STRICT_PROTOTYPES = YES;
				CLANG_WARN_SUSPICIOUS_MOVE = YES;
				CLANG_WARN_UNGUARDED_AVAILABILITY = YES_AGGRESSIVE;
				CLANG_WARN_UNREACHABLE_CODE = YES;
				CLANG_WARN__DUPLICATE_METHOD_MATCH = YES;
				COPY_PHASE_STRIP = NO;
				DEBUG_INFORMATION_FORMAT = "dwarf-with-dsym";
				ENABLE_NS_ASSERTIONS = NO;
				ENABLE_STRICT_OBJC_MSGSEND = YES;
				ENABLE_USER_SCRIPT_SANDBOXING = YES;
				GCC_C_LANGUAGE_STANDARD = gnu17;
				GCC_NO_COMMON_BLOCKS = YES;
				GCC_WARN_64_TO_32_BIT_CONVERSION = YES;
				GCC_WARN_ABOUT_RETURN_TYPE = YES_ERROR;
				GCC_WARN_UNDECLARED_SELECTOR = YES;
				GCC_WARN_UNINITIALIZED_AUTOS = YES_AGGRESSIVE;
				GCC_WARN_UNUSED_FUNCTION = YES;
				GCC_WARN_UNUSED_VARIABLE = YES;
				IPHONEOS_DEPLOYMENT_TARGET = 17.0;
				LOCALIZATION_PREFERS_STRING_CATALOGS = YES;
				MTL_ENABLE_DEBUG_INFO = NO;
				MTL_FAST_MATH = YES;
				SDKROOT = iphoneos;
				SWIFT_COMPILATION_MODE = wholemodule;
				VALIDATE_PRODUCT = YES;
			};
			name = Release;
		};
		639109E02ADD27CC000DB06B /* Debug */ = {
			isa = XCBuildConfiguration;
			buildSettings = {
				ASSETCATALOG_COMPILER_APPICON_NAME = AppIcon;
				ASSETCATALOG_COMPILER_GLOBAL_ACCENT_COLOR_NAME = AccentColor;
				CODE_SIGN_STYLE = Automatic;
				CURRENT_PROJECT_VERSION = 1;
				DEVELOPMENT_ASSET_PATHS = "\"learners/Preview Content\"";
				DEVELOPMENT_TEAM = 5Y7P52GGAD;
				ENABLE_PREVIEWS = YES;
				GENERATE_INFOPLIST_FILE = YES;
				INFOPLIST_KEY_UIApplicationSceneManifest_Generation = YES;
				INFOPLIST_KEY_UIApplicationSupportsIndirectInputEvents = YES;
				INFOPLIST_KEY_UILaunchScreen_Generation = YES;
				INFOPLIST_KEY_UISupportedInterfaceOrientations_iPad = "UIInterfaceOrientationPortrait UIInterfaceOrientationPortraitUpsideDown UIInterfaceOrientationLandscapeLeft UIInterfaceOrientationLandscapeRight";
				INFOPLIST_KEY_UISupportedInterfaceOrientations_iPhone = "UIInterfaceOrientationPortrait UIInterfaceOrientationLandscapeLeft UIInterfaceOrientationLandscapeRight";
				LD_RUNPATH_SEARCH_PATHS = (
					"$(inherited)",
					"@executable_path/Frameworks",
				);
				MARKETING_VERSION = 1.0;
				PRODUCT_BUNDLE_IDENTIFIER = devroni.learners;
				PRODUCT_NAME = "$(TARGET_NAME)";
				SWIFT_EMIT_LOC_STRINGS = YES;
				SWIFT_VERSION = 5.0;
				TARGETED_DEVICE_FAMILY = "1,2";
			};
			name = Debug;
		};
		639109E12ADD27CC000DB06B /* Release */ = {
			isa = XCBuildConfiguration;
			buildSettings = {
				ASSETCATALOG_COMPILER_APPICON_NAME = AppIcon;
				ASSETCATALOG_COMPILER_GLOBAL_ACCENT_COLOR_NAME = AccentColor;
				CODE_SIGN_STYLE = Automatic;
				CURRENT_PROJECT_VERSION = 1;
				DEVELOPMENT_ASSET_PATHS = "\"learners/Preview Content\"";
				DEVELOPMENT_TEAM = 5Y7P52GGAD;
				ENABLE_PREVIEWS = YES;
				GENERATE_INFOPLIST_FILE = YES;
				INFOPLIST_KEY_UIApplicationSceneManifest_Generation = YES;
				INFOPLIST_KEY_UIApplicationSupportsIndirectInputEvents = YES;
				INFOPLIST_KEY_UILaunchScreen_Generation = YES;
				INFOPLIST_KEY_UISupportedInterfaceOrientations_iPad = "UIInterfaceOrientationPortrait UIInterfaceOrientationPortraitUpsideDown UIInterfaceOrientationLandscapeLeft UIInterfaceOrientationLandscapeRight";
				INFOPLIST_KEY_UISupportedInterfaceOrientations_iPhone = "UIInterfaceOrientationPortrait UIInterfaceOrientationLandscapeLeft UIInterfaceOrientationLandscapeRight";
				LD_RUNPATH_SEARCH_PATHS = (
					"$(inherited)",
					"@executable_path/Frameworks",
				);
				MARKETING_VERSION = 1.0;
				PRODUCT_BUNDLE_IDENTIFIER = devroni.learners;
				PRODUCT_NAME = "$(TARGET_NAME)";
				SWIFT_EMIT_LOC_STRINGS = YES;
				SWIFT_VERSION = 5.0;
				TARGETED_DEVICE_FAMILY = "1,2";
			};
			name = Release;
		};
/* End XCBuildConfiguration section */

/* Begin XCConfigurationList section */
		639109CC2ADD27CB000DB06B /* Build configuration list for PBXProject "learners" */ = {
			isa = XCConfigurationList;
			buildConfigurations = (
				639109DD2ADD27CC000DB06B /* Debug */,
				639109DE2ADD27CC000DB06B /* Release */,
			);
			defaultConfigurationIsVisible = 0;
			defaultConfigurationName = Release;
		};
		639109DF2ADD27CC000DB06B /* Build configuration list for PBXNativeTarget "learners" */ = {
			isa = XCConfigurationList;
			buildConfigurations = (
				639109E02ADD27CC000DB06B /* Debug */,
				639109E12ADD27CC000DB06B /* Release */,
			);
			defaultConfigurationIsVisible = 0;
			defaultConfigurationName = Release;
		};
/* End XCConfigurationList section */
	};
	rootObject = 639109C92ADD27CB000DB06B /* Project object */;
}
